
Microsoft Visual Studio Solution File, Format Version 12.00
# Visual Studio 2013
VisualStudioVersion = 12.0.20623.1 VSUPREVIEW
MinimumVisualStudioVersion = 10.0.40219.1
Project("{F2A71F9B-5D33-465A-A702-920D77279786}") = "PokerHand", "PokerHand\PokerHand.fsproj", "{88084BCF-3670-4CDE-BCB5-3894BF8D2690}"
EndProject
Project("{2150E333-8FDC-42A3-9474-1A3956D46DE8}") = "Solution Items", "Solution Items", "{B76B7239-8DD7-4942-BFB7-624121AD6AE4}"
	ProjectSection(SolutionItems) = preProject
		ProjectEuler.txt = ProjectEuler.txt
		Scrapbook.txt = Scrapbook.txt
	EndProjectSection
EndProject
Global
	GlobalSection(SolutionConfigurationPlatforms) = preSolution
		Debug|Any CPU = Debug|Any CPU
		Release|Any CPU = Release|Any CPU
	EndGlobalSection
	GlobalSection(ProjectConfigurationPlatforms) = postSolution
		{88084BCF-3670-4CDE-BCB5-3894BF8D2690}.Debug|Any CPU.ActiveCfg = Debug|Any CPU
		{88084BCF-3670-4CDE-BCB5-3894BF8D2690}.Debug|Any CPU.Build.0 = Debug|Any CPU
		{88084BCF-3670-4CDE-BCB5-3894BF8D2690}.Release|Any CPU.ActiveCfg = Release|Any CPU
		{88084BCF-3670-4CDE-BCB5-3894BF8D2690}.Release|Any CPU.Build.0 = Release|Any CPU
	EndGlobalSection
	GlobalSection(SolutionProperties) = preSolution
		HideSolutionNode = FALSE
	EndGlobalSection
EndGlobal
